
Microsoft Visual Studio Solution File, Format Version 12.00
# Visual Studio Version 16
VisualStudioVersion = 16.0.31005.135
MinimumVisualStudioVersion = 10.0.40219.1
Project("{9A19103F-16F7-4668-BE54-9A1E7A4F7556}") = "Lab4", "Lab4.csproj", "{EAF0DB7B-8425-4B91-A8C0-6D41747F6054}"
EndProject
Global
	GlobalSection(SolutionConfigurationPlatforms) = preSolution
		Debug|Any CPU = Debug|Any CPU
		Release|Any CPU = Release|Any CPU
	EndGlobalSection
	GlobalSection(ProjectConfigurationPlatforms) = postSolution
		{EAF0DB7B-8425-4B91-A8C0-6D41747F6054}.Debug|Any CPU.ActiveCfg = Debug|Any CPU
		{EAF0DB7B-8425-4B91-A8C0-6D41747F6054}.Debug|Any CPU.Build.0 = Debug|Any CPU
		{EAF0DB7B-8425-4B91-A8C0-6D41747F6054}.Release|Any CPU.ActiveCfg = Release|Any CPU
		{EAF0DB7B-8425-4B91-A8C0-6D41747F6054}.Release|Any CPU.Build.0 = Release|Any CPU
	EndGlobalSection
	GlobalSection(SolutionProperties) = preSolution
		HideSolutionNode = FALSE
	EndGlobalSection
	GlobalSection(ExtensibilityGlobals) = postSolution
		SolutionGuid = {E5AC6997-8150-4167-9CDD-8325DDB5A688}
	EndGlobalSection
EndGlobal
